
Microsoft Visual Studio Solution File, Format Version 12.00
# Visual Studio Version 17
VisualStudioVersion = 17.13.35931.197
MinimumVisualStudioVersion = 10.0.40219.1
Project("{FAE04EC0-301F-11D3-BF4B-00C04F79EFBC}") = "TestesFOILMinimalApi", "src\TestesFOILMinimalApi.csproj", "{14261214-11D9-B660-840C-3FCA5CBBD181}"
EndProject
Global
	GlobalSection(SolutionConfigurationPlatforms) = preSolution
		Debug|Any CPU = Debug|Any CPU
		Release|Any CPU = Release|Any CPU
	EndGlobalSection
	GlobalSection(ProjectConfigurationPlatforms) = postSolution
		{14261214-11D9-B660-840C-3FCA5CBBD181}.Debug|Any CPU.ActiveCfg = Debug|Any CPU
		{14261214-11D9-B660-840C-3FCA5CBBD181}.Debug|Any CPU.Build.0 = Debug|Any CPU
		{14261214-11D9-B660-840C-3FCA5CBBD181}.Release|Any CPU.ActiveCfg = Release|Any CPU
		{14261214-11D9-B660-840C-3FCA5CBBD181}.Release|Any CPU.Build.0 = Release|Any CPU
	EndGlobalSection
	GlobalSection(SolutionProperties) = preSolution
		HideSolutionNode = FALSE
	EndGlobalSection
	GlobalSection(ExtensibilityGlobals) = postSolution
		SolutionGuid = {A3F3D33A-B343-4A82-8CBA-F94EEA0F9435}
	EndGlobalSection
EndGlobal
